
Microsoft Visual Studio Solution File, Format Version 12.00
# Visual Studio 14
VisualStudioVersion = 14.0.25123.0
MinimumVisualStudioVersion = 10.0.40219.1
Project("{FAE04EC0-301F-11D3-BF4B-00C04F79EFBC}") = "gridPrograming", "gridPrograming\gridPrograming\gridPrograming.csproj", "{4921C33D-B100-43E8-B7F4-F34818CB4AAA}"
EndProject
Project("{FAE04EC0-301F-11D3-BF4B-00C04F79EFBC}") = "gridPrograming.Droid", "gridPrograming\gridPrograming.Droid\gridPrograming.Droid.csproj", "{6A0E067A-C037-4F93-95BA-D12A1B6D1CB5}"
EndProject
Project("{FAE04EC0-301F-11D3-BF4B-00C04F79EFBC}") = "gridPrograming.iOS", "gridPrograming\gridPrograming.iOS\gridPrograming.iOS.csproj", "{76280104-D204-4A95-B369-4C6CECE4340D}"
EndProject
Project("{FAE04EC0-301F-11D3-BF4B-00C04F79EFBC}") = "gridPrograming.WinPhone", "gridPrograming\gridPrograming.WinPhone\gridPrograming.WinPhone.csproj", "{9DF17E0F-2537-4965-A8CF-7CBA1A447DB0}"
EndProject
Project("{FAE04EC0-301F-11D3-BF4B-00C04F79EFBC}") = "gridPrograming.Windows", "gridPrograming\gridPrograming.Windows\gridPrograming.Windows.csproj", "{DA900B51-20A7-4E96-90A9-06B532A36281}"
EndProject
Global
	GlobalSection(SolutionConfigurationPlatforms) = preSolution
		Ad-Hoc|Any CPU = Ad-Hoc|Any CPU
		Ad-Hoc|ARM = Ad-Hoc|ARM
		Ad-Hoc|iPhone = Ad-Hoc|iPhone
		Ad-Hoc|iPhoneSimulator = Ad-Hoc|iPhoneSimulator
		Ad-Hoc|x64 = Ad-Hoc|x64
		Ad-Hoc|x86 = Ad-Hoc|x86
		AppStore|Any CPU = AppStore|Any CPU
		AppStore|ARM = AppStore|ARM
		AppStore|iPhone = AppStore|iPhone
		AppStore|iPhoneSimulator = AppStore|iPhoneSimulator
		AppStore|x64 = AppStore|x64
		AppStore|x86 = AppStore|x86
		Debug|Any CPU = Debug|Any CPU
		Debug|ARM = Debug|ARM
		Debug|iPhone = Debug|iPhone
		Debug|iPhoneSimulator = Debug|iPhoneSimulator
		Debug|x64 = Debug|x64
		Debug|x86 = Debug|x86
		Release|Any CPU = Release|Any CPU
		Release|ARM = Release|ARM
		Release|iPhone = Release|iPhone
		Release|iPhoneSimulator = Release|iPhoneSimulator
		Release|x64 = Release|x64
		Release|x86 = Release|x86
	EndGlobalSection
	GlobalSection(ProjectConfigurationPlatforms) = postSolution
		{4921C33D-B100-43E8-B7F4-F34818CB4AAA}.Ad-Hoc|Any CPU.ActiveCfg = Release|Any CPU
		{4921C33D-B100-43E8-B7F4-F34818CB4AAA}.Ad-Hoc|Any CPU.Build.0 = Release|Any CPU
		{4921C33D-B100-43E8-B7F4-F34818CB4AAA}.Ad-Hoc|ARM.ActiveCfg = Release|Any CPU
		{4921C33D-B100-43E8-B7F4-F34818CB4AAA}.Ad-Hoc|ARM.Build.0 = Release|Any CPU
		{4921C33D-B100-43E8-B7F4-F34818CB4AAA}.Ad-Hoc|iPhone.ActiveCfg = Release|Any CPU
		{4921C33D-B100-43E8-B7F4-F34818CB4AAA}.Ad-Hoc|iPhone.Build.0 = Release|Any CPU
		{4921C33D-B100-43E8-B7F4-F34818CB4AAA}.Ad-Hoc|iPhoneSimulator.ActiveCfg = Release|Any CPU
		{4921C33D-B100-43E8-B7F4-F34818CB4AAA}.Ad-Hoc|iPhoneSimulator.Build.0 = Release|Any CPU
		{4921C33D-B100-43E8-B7F4-F34818CB4AAA}.Ad-Hoc|x64.ActiveCfg = Release|Any CPU
		{4921C33D-B100-43E8-B7F4-F34818CB4AAA}.Ad-Hoc|x64.Build.0 = Release|Any CPU
		{4921C33D-B100-43E8-B7F4-F34818CB4AAA}.Ad-Hoc|x86.ActiveCfg = Release|Any CPU
		{4921C33D-B100-43E8-B7F4-F34818CB4AAA}.Ad-Hoc|x86.Build.0 = Release|Any CPU
		{4921C33D-B100-43E8-B7F4-F34818CB4AAA}.AppStore|Any CPU.ActiveCfg = Release|Any CPU
		{4921C33D-B100-43E8-B7F4-F34818CB4AAA}.AppStore|Any CPU.Build.0 = Release|Any CPU
		{4921C33D-B100-43E8-B7F4-F34818CB4AAA}.AppStore|ARM.ActiveCfg = Release|Any CPU
		{4921C33D-B100-43E8-B7F4-F34818CB4AAA}.AppStore|ARM.Build.0 = Release|Any CPU
		{4921C33D-B100-43E8-B7F4-F34818CB4AAA}.AppStore|iPhone.ActiveCfg = Release|Any CPU
		{4921C33D-B100-43E8-B7F4-F34818CB4AAA}.AppStore|iPhone.Build.0 = Release|Any CPU
		{4921C33D-B100-43E8-B7F4-F34818CB4AAA}.AppStore|iPhoneSimulator.ActiveCfg = Release|Any CPU
		{4921C33D-B100-43E8-B7F4-F34818CB4AAA}.AppStore|iPhoneSimulator.Build.0 = Release|Any CPU
		{4921C33D-B100-43E8-B7F4-F34818CB4AAA}.AppStore|x64.ActiveCfg = Release|Any CPU
		{4921C33D-B100-43E8-B7F4-F34818CB4AAA}.AppStore|x64.Build.0 = Release|Any CPU
		{4921C33D-B100-43E8-B7F4-F34818CB4AAA}.AppStore|x86.ActiveCfg = Release|Any CPU
		{4921C33D-B100-43E8-B7F4-F34818CB4AAA}.AppStore|x86.Build.0 = Release|Any CPU
		{4921C33D-B100-43E8-B7F4-F34818CB4AAA}.Debug|Any CPU.ActiveCfg = Debug|Any CPU
		{4921C33D-B100-43E8-B7F4-F34818CB4AAA}.Debug|Any CPU.Build.0 = Debug|Any CPU
		{4921C33D-B100-43E8-B7F4-F34818CB4AAA}.Debug|ARM.ActiveCfg = Debug|Any CPU
		{4921C33D-B100-43E8-B7F4-F34818CB4AAA}.Debug|ARM.Build.0 = Debug|Any CPU
		{4921C33D-B100-43E8-B7F4-F34818CB4AAA}.Debug|iPhone.ActiveCfg = Debug|Any CPU
		{4921C33D-B100-43E8-B7F4-F34818CB4AAA}.Debug|iPhone.Build.0 = Debug|Any CPU
		{4921C33D-B100-43E8-B7F4-F34818CB4AAA}.Debug|iPhoneSimulator.ActiveCfg = Debug|Any CPU
		{4921C33D-B100-43E8-B7F4-F34818CB4AAA}.Debug|iPhoneSimulator.Build.0 = Debug|Any CPU
		{4921C33D-B100-43E8-B7F4-F34818CB4AAA}.Debug|x64.ActiveCfg = Debug|Any CPU
		{4921C33D-B100-43E8-B7F4-F34818CB4AAA}.Debug|x64.Build.0 = Debug|Any CPU
		{4921C33D-B100-43E8-B7F4-F34818CB4AAA}.Debug|x86.ActiveCfg = Debug|Any CPU
		{4921C33D-B100-43E8-B7F4-F34818CB4AAA}.Debug|x86.Build.0 = Debug|Any CPU
		{4921C33D-B100-43E8-B7F4-F34818CB4AAA}.Release|Any CPU.ActiveCfg = Release|Any CPU
		{4921C33D-B100-43E8-B7F4-F34818CB4AAA}.Release|Any CPU.Build.0 = Release|Any CPU
		{4921C33D-B100-43E8-B7F4-F34818CB4AAA}.Release|ARM.ActiveCfg = Release|Any CPU
		{4921C33D-B100-43E8-B7F4-F34818CB4AAA}.Release|ARM.Build.0 = Release|Any CPU
		{4921C33D-B100-43E8-B7F4-F34818CB4AAA}.Release|iPhone.ActiveCfg = Release|Any CPU
		{4921C33D-B100-43E8-B7F4-F34818CB4AAA}.Release|iPhone.Build.0 = Release|Any CPU
		{4921C33D-B100-43E8-B7F4-F34818CB4AAA}.Release|iPhoneSimulator.ActiveCfg = Release|Any CPU
		{4921C33D-B100-43E8-B7F4-F34818CB4AAA}.Release|iPhoneSimulator.Build.0 = Release|Any CPU
		{4921C33D-B100-43E8-B7F4-F34818CB4AAA}.Release|x64.ActiveCfg = Release|Any CPU
		{4921C33D-B100-43E8-B7F4-F34818CB4AAA}.Release|x64.Build.0 = Release|Any CPU
		{4921C33D-B100-43E8-B7F4-F34818CB4AAA}.Release|x86.ActiveCfg = Release|Any CPU
		{4921C33D-B100-43E8-B7F4-F34818CB4AAA}.Release|x86.Build.0 = Release|Any CPU
		{6A0E067A-C037-4F93-95BA-D12A1B6D1CB5}.Ad-Hoc|Any CPU.ActiveCfg = Release|Any CPU
		{6A0E067A-C037-4F93-95BA-D12A1B6D1CB5}.Ad-Hoc|Any CPU.Build.0 = Release|Any CPU
		{6A0E067A-C037-4F93-95BA-D12A1B6D1CB5}.Ad-Hoc|Any CPU.Deploy.0 = Release|Any CPU
		{6A0E067A-C037-4F93-95BA-D12A1B6D1CB5}.Ad-Hoc|ARM.ActiveCfg = Release|Any CPU
		{6A0E067A-C037-4F93-95BA-D12A1B6D1CB5}.Ad-Hoc|ARM.Build.0 = Release|Any CPU
		{6A0E067A-C037-4F93-95BA-D12A1B6D1CB5}.Ad-Hoc|ARM.Deploy.0 = Release|Any CPU
		{6A0E067A-C037-4F93-95BA-D12A1B6D1CB5}.Ad-Hoc|iPhone.ActiveCfg = Release|Any CPU
		{6A0E067A-C037-4F93-95BA-D12A1B6D1CB5}.Ad-Hoc|iPhone.Build.0 = Release|Any CPU
		{6A0E067A-C037-4F93-95BA-D12A1B6D1CB5}.Ad-Hoc|iPhone.Deploy.0 = Release|Any CPU
		{6A0E067A-C037-4F93-95BA-D12A1B6D1CB5}.Ad-Hoc|iPhoneSimulator.ActiveCfg = Release|Any CPU
		{6A0E067A-C037-4F93-95BA-D12A1B6D1CB5}.Ad-Hoc|iPhoneSimulator.Build.0 = Release|Any CPU
		{6A0E067A-C037-4F93-95BA-D12A1B6D1CB5}.Ad-Hoc|iPhoneSimulator.Deploy.0 = Release|Any CPU
		{6A0E067A-C037-4F93-95BA-D12A1B6D1CB5}.Ad-Hoc|x64.ActiveCfg = Release|Any CPU
		{6A0E067A-C037-4F93-95BA-D12A1B6D1CB5}.Ad-Hoc|x64.Build.0 = Release|Any CPU
		{6A0E067A-C037-4F93-95BA-D12A1B6D1CB5}.Ad-Hoc|x64.Deploy.0 = Release|Any CPU
		{6A0E067A-C037-4F93-95BA-D12A1B6D1CB5}.Ad-Hoc|x86.ActiveCfg = Release|Any CPU
		{6A0E067A-C037-4F93-95BA-D12A1B6D1CB5}.Ad-Hoc|x86.Build.0 = Release|Any CPU
		{6A0E067A-C037-4F93-95BA-D12A1B6D1CB5}.Ad-Hoc|x86.Deploy.0 = Release|Any CPU
		{6A0E067A-C037-4F93-95BA-D12A1B6D1CB5}.AppStore|Any CPU.ActiveCfg = Release|Any CPU
		{6A0E067A-C037-4F93-95BA-D12A1B6D1CB5}.AppStore|Any CPU.Build.0 = Release|Any CPU
		{6A0E067A-C037-4F93-95BA-D12A1B6D1CB5}.AppStore|Any CPU.Deploy.0 = Release|Any CPU
		{6A0E067A-C037-4F93-95BA-D12A1B6D1CB5}.AppStore|ARM.ActiveCfg = Release|Any CPU
		{6A0E067A-C037-4F93-95BA-D12A1B6D1CB5}.AppStore|ARM.Build.0 = Release|Any CPU
		{6A0E067A-C037-4F93-95BA-D12A1B6D1CB5}.AppStore|ARM.Deploy.0 = Release|Any CPU
		{6A0E067A-C037-4F93-95BA-D12A1B6D1CB5}.AppStore|iPhone.ActiveCfg = Release|Any CPU
		{6A0E067A-C037-4F93-95BA-D12A1B6D1CB5}.AppStore|iPhone.Build.0 = Release|Any CPU
		{6A0E067A-C037-4F93-95BA-D12A1B6D1CB5}.AppStore|iPhone.Deploy.0 = Release|Any CPU
		{6A0E067A-C037-4F93-95BA-D12A1B6D1CB5}.AppStore|iPhoneSimulator.ActiveCfg = Release|Any CPU
		{6A0E067A-C037-4F93-95BA-D12A1B6D1CB5}.AppStore|iPhoneSimulator.Build.0 = Release|Any CPU
		{6A0E067A-C037-4F93-95BA-D12A1B6D1CB5}.AppStore|iPhoneSimulator.Deploy.0 = Release|Any CPU
		{6A0E067A-C037-4F93-95BA-D12A1B6D1CB5}.AppStore|x64.ActiveCfg = Release|Any CPU
		{6A0E067A-C037-4F93-95BA-D12A1B6D1CB5}.AppStore|x64.Build.0 = Release|Any CPU
		{6A0E067A-C037-4F93-95BA-D12A1B6D1CB5}.AppStore|x64.Deploy.0 = Release|Any CPU
		{6A0E067A-C037-4F93-95BA-D12A1B6D1CB5}.AppStore|x86.ActiveCfg = Release|Any CPU
		{6A0E067A-C037-4F93-95BA-D12A1B6D1CB5}.AppStore|x86.Build.0 = Release|Any CPU
		{6A0E067A-C037-4F93-95BA-D12A1B6D1CB5}.AppStore|x86.Deploy.0 = Release|Any CPU
		{6A0E067A-C037-4F93-95BA-D12A1B6D1CB5}.Debug|Any CPU.ActiveCfg = Debug|Any CPU
		{6A0E067A-C037-4F93-95BA-D12A1B6D1CB5}.Debug|Any CPU.Build.0 = Debug|Any CPU
		{6A0E067A-C037-4F93-95BA-D12A1B6D1CB5}.Debug|Any CPU.Deploy.0 = Debug|Any CPU
		{6A0E067A-C037-4F93-95BA-D12A1B6D1CB5}.Debug|ARM.ActiveCfg = Debug|Any CPU
		{6A0E067A-C037-4F93-95BA-D12A1B6D1CB5}.Debug|ARM.Build.0 = Debug|Any CPU
		{6A0E067A-C037-4F93-95BA-D12A1B6D1CB5}.Debug|ARM.Deploy.0 = Debug|Any CPU
		{6A0E067A-C037-4F93-95BA-D12A1B6D1CB5}.Debug|iPhone.ActiveCfg = Debug|Any CPU
		{6A0E067A-C037-4F93-95BA-D12A1B6D1CB5}.Debug|iPhone.Build.0 = Debug|Any CPU
		{6A0E067A-C037-4F93-95BA-D12A1B6D1CB5}.Debug|iPhone.Deploy.0 = Debug|Any CPU
		{6A0E067A-C037-4F93-95BA-D12A1B6D1CB5}.Debug|iPhoneSimulator.ActiveCfg = Debug|Any CPU
		{6A0E067A-C037-4F93-95BA-D12A1B6D1CB5}.Debug|iPhoneSimulator.Build.0 = Debug|Any CPU
		{6A0E067A-C037-4F93-95BA-D12A1B6D1CB5}.Debug|iPhoneSimulator.Deploy.0 = Debug|Any CPU
		{6A0E067A-C037-4F93-95BA-D12A1B6D1CB5}.Debug|x64.ActiveCfg = Debug|Any CPU
		{6A0E067A-C037-4F93-95BA-D12A1B6D1CB5}.Debug|x64.Build.0 = Debug|Any CPU
		{6A0E067A-C037-4F93-95BA-D12A1B6D1CB5}.Debug|x64.Deploy.0 = Debug|Any CPU
		{6A0E067A-C037-4F93-95BA-D12A1B6D1CB5}.Debug|x86.ActiveCfg = Debug|Any CPU
		{6A0E067A-C037-4F93-95BA-D12A1B6D1CB5}.Debug|x86.Build.0 = Debug|Any CPU
		{6A0E067A-C037-4F93-95BA-D12A1B6D1CB5}.Debug|x86.Deploy.0 = Debug|Any CPU
		{6A0E067A-C037-4F93-95BA-D12A1B6D1CB5}.Release|Any CPU.ActiveCfg = Release|Any CPU
		{6A0E067A-C037-4F93-95BA-D12A1B6D1CB5}.Release|Any CPU.Build.0 = Release|Any CPU
		{6A0E067A-C037-4F93-95BA-D12A1B6D1CB5}.Release|Any CPU.Deploy.0 = Release|Any CPU
		{6A0E067A-C037-4F93-95BA-D12A1B6D1CB5}.Release|ARM.ActiveCfg = Release|Any CPU
		{6A0E067A-C037-4F93-95BA-D12A1B6D1CB5}.Release|ARM.Build.0 = Release|Any CPU
		{6A0E067A-C037-4F93-95BA-D12A1B6D1CB5}.Release|ARM.Deploy.0 = Release|Any CPU
		{6A0E067A-C037-4F93-95BA-D12A1B6D1CB5}.Release|iPhone.ActiveCfg = Release|Any CPU
		{6A0E067A-C037-4F93-95BA-D12A1B6D1CB5}.Release|iPhone.Build.0 = Release|Any CPU
		{6A0E067A-C037-4F93-95BA-D12A1B6D1CB5}.Release|iPhone.Deploy.0 = Release|Any CPU
		{6A0E067A-C037-4F93-95BA-D12A1B6D1CB5}.Release|iPhoneSimulator.ActiveCfg = Release|Any CPU
		{6A0E067A-C037-4F93-95BA-D12A1B6D1CB5}.Release|iPhoneSimulator.Build.0 = Release|Any CPU
		{6A0E067A-C037-4F93-95BA-D12A1B6D1CB5}.Release|iPhoneSimulator.Deploy.0 = Release|Any CPU
		{6A0E067A-C037-4F93-95BA-D12A1B6D1CB5}.Release|x64.ActiveCfg = Release|Any CPU
		{6A0E067A-C037-4F93-95BA-D12A1B6D1CB5}.Release|x64.Build.0 = Release|Any CPU
		{6A0E067A-C037-4F93-95BA-D12A1B6D1CB5}.Release|x64.Deploy.0 = Release|Any CPU
		{6A0E067A-C037-4F93-95BA-D12A1B6D1CB5}.Release|x86.ActiveCfg = Release|Any CPU
		{6A0E067A-C037-4F93-95BA-D12A1B6D1CB5}.Release|x86.Build.0 = Release|Any CPU
		{6A0E067A-C037-4F93-95BA-D12A1B6D1CB5}.Release|x86.Deploy.0 = Release|Any CPU
		{76280104-D204-4A95-B369-4C6CECE4340D}.Ad-Hoc|Any CPU.ActiveCfg = Ad-Hoc|iPhone
		{76280104-D204-4A95-B369-4C6CECE4340D}.Ad-Hoc|ARM.ActiveCfg = Ad-Hoc|iPhone
		{76280104-D204-4A95-B369-4C6CECE4340D}.Ad-Hoc|iPhone.ActiveCfg = Ad-Hoc|iPhone
		{76280104-D204-4A95-B369-4C6CECE4340D}.Ad-Hoc|iPhone.Build.0 = Ad-Hoc|iPhone
		{76280104-D204-4A95-B369-4C6CECE4340D}.Ad-Hoc|iPhoneSimulator.ActiveCfg = Ad-Hoc|iPhoneSimulator
		{76280104-D204-4A95-B369-4C6CECE4340D}.Ad-Hoc|iPhoneSimulator.Build.0 = Ad-Hoc|iPhoneSimulator
		{76280104-D204-4A95-B369-4C6CECE4340D}.Ad-Hoc|x64.ActiveCfg = Ad-Hoc|iPhone
		{76280104-D204-4A95-B369-4C6CECE4340D}.Ad-Hoc|x86.ActiveCfg = Ad-Hoc|iPhone
		{76280104-D204-4A95-B369-4C6CECE4340D}.AppStore|Any CPU.ActiveCfg = AppStore|iPhone
		{76280104-D204-4A95-B369-4C6CECE4340D}.AppStore|ARM.ActiveCfg = AppStore|iPhone
		{76280104-D204-4A95-B369-4C6CECE4340D}.AppStore|iPhone.ActiveCfg = AppStore|iPhone
		{76280104-D204-4A95-B369-4C6CECE4340D}.AppStore|iPhone.Build.0 = AppStore|iPhone
		{76280104-D204-4A95-B369-4C6CECE4340D}.AppStore|iPhoneSimulator.ActiveCfg = AppStore|iPhoneSimulator
		{76280104-D204-4A95-B369-4C6CECE4340D}.AppStore|iPhoneSimulator.Build.0 = AppStore|iPhoneSimulator
		{76280104-D204-4A95-B369-4C6CECE4340D}.AppStore|x64.ActiveCfg = AppStore|iPhone
		{76280104-D204-4A95-B369-4C6CECE4340D}.AppStore|x86.ActiveCfg = AppStore|iPhone
		{76280104-D204-4A95-B369-4C6CECE4340D}.Debug|Any CPU.ActiveCfg = Debug|iPhone
		{76280104-D204-4A95-B369-4C6CECE4340D}.Debug|ARM.ActiveCfg = Debug|iPhone
		{76280104-D204-4A95-B369-4C6CECE4340D}.Debug|iPhone.ActiveCfg = Debug|iPhone
		{76280104-D204-4A95-B369-4C6CECE4340D}.Debug|iPhone.Build.0 = Debug|iPhone
		{76280104-D204-4A95-B369-4C6CECE4340D}.Debug|iPhoneSimulator.ActiveCfg = Debug|iPhoneSimulator
		{76280104-D204-4A95-B369-4C6CECE4340D}.Debug|iPhoneSimulator.Build.0 = Debug|iPhoneSimulator
		{76280104-D204-4A95-B369-4C6CECE4340D}.Debug|x64.ActiveCfg = Debug|iPhone
		{76280104-D204-4A95-B369-4C6CECE4340D}.Debug|x86.ActiveCfg = Debug|iPhone
		{76280104-D204-4A95-B369-4C6CECE4340D}.Release|Any CPU.ActiveCfg = Release|iPhone
		{76280104-D204-4A95-B369-4C6CECE4340D}.Release|ARM.ActiveCfg = Release|iPhone
		{76280104-D204-4A95-B369-4C6CECE4340D}.Release|iPhone.ActiveCfg = Release|iPhone
		{76280104-D204-4A95-B369-4C6CECE4340D}.Release|iPhone.Build.0 = Release|iPhone
		{76280104-D204-4A95-B369-4C6CECE4340D}.Release|iPhoneSimulator.ActiveCfg = Release|iPhoneSimulator
		{76280104-D204-4A95-B369-4C6CECE4340D}.Release|iPhoneSimulator.Build.0 = Release|iPhoneSimulator
		{76280104-D204-4A95-B369-4C6CECE4340D}.Release|x64.ActiveCfg = Release|iPhone
		{76280104-D204-4A95-B369-4C6CECE4340D}.Release|x86.ActiveCfg = Release|iPhone
		{9DF17E0F-2537-4965-A8CF-7CBA1A447DB0}.Ad-Hoc|Any CPU.ActiveCfg = Release|Any CPU
		{9DF17E0F-2537-4965-A8CF-7CBA1A447DB0}.Ad-Hoc|Any CPU.Build.0 = Release|Any CPU
		{9DF17E0F-2537-4965-A8CF-7CBA1A447DB0}.Ad-Hoc|Any CPU.Deploy.0 = Release|Any CPU
		{9DF17E0F-2537-4965-A8CF-7CBA1A447DB0}.Ad-Hoc|ARM.ActiveCfg = Release|ARM
		{9DF17E0F-2537-4965-A8CF-7CBA1A447DB0}.Ad-Hoc|ARM.Build.0 = Release|ARM
		{9DF17E0F-2537-4965-A8CF-7CBA1A447DB0}.Ad-Hoc|ARM.Deploy.0 = Release|ARM
		{9DF17E0F-2537-4965-A8CF-7CBA1A447DB0}.Ad-Hoc|iPhone.ActiveCfg = Release|Any CPU
		{9DF17E0F-2537-4965-A8CF-7CBA1A447DB0}.Ad-Hoc|iPhone.Build.0 = Release|Any CPU
		{9DF17E0F-2537-4965-A8CF-7CBA1A447DB0}.Ad-Hoc|iPhone.Deploy.0 = Release|Any CPU
		{9DF17E0F-2537-4965-A8CF-7CBA1A447DB0}.Ad-Hoc|iPhoneSimulator.ActiveCfg = Release|Any CPU
		{9DF17E0F-2537-4965-A8CF-7CBA1A447DB0}.Ad-Hoc|iPhoneSimulator.Build.0 = Release|Any CPU
		{9DF17E0F-2537-4965-A8CF-7CBA1A447DB0}.Ad-Hoc|iPhoneSimulator.Deploy.0 = Release|Any CPU
		{9DF17E0F-2537-4965-A8CF-7CBA1A447DB0}.Ad-Hoc|x64.ActiveCfg = Release|Any CPU
		{9DF17E0F-2537-4965-A8CF-7CBA1A447DB0}.Ad-Hoc|x64.Build.0 = Release|Any CPU
		{9DF17E0F-2537-4965-A8CF-7CBA1A447DB0}.Ad-Hoc|x64.Deploy.0 = Release|Any CPU
		{9DF17E0F-2537-4965-A8CF-7CBA1A447DB0}.Ad-Hoc|x86.ActiveCfg = Release|x86
		{9DF17E0F-2537-4965-A8CF-7CBA1A447DB0}.Ad-Hoc|x86.Build.0 = Release|x86
		{9DF17E0F-2537-4965-A8CF-7CBA1A447DB0}.Ad-Hoc|x86.Deploy.0 = Release|x86
		{9DF17E0F-2537-4965-A8CF-7CBA1A447DB0}.AppStore|Any CPU.ActiveCfg = Release|Any CPU
		{9DF17E0F-2537-4965-A8CF-7CBA1A447DB0}.AppStore|Any CPU.Build.0 = Release|Any CPU
		{9DF17E0F-2537-4965-A8CF-7CBA1A447DB0}.AppStore|Any CPU.Deploy.0 = Release|Any CPU
		{9DF17E0F-2537-4965-A8CF-7CBA1A447DB0}.AppStore|ARM.ActiveCfg = Release|ARM
		{9DF17E0F-2537-4965-A8CF-7CBA1A447DB0}.AppStore|ARM.Build.0 = Release|ARM
		{9DF17E0F-2537-4965-A8CF-7CBA1A447DB0}.AppStore|ARM.Deploy.0 = Release|ARM
		{9DF17E0F-2537-4965-A8CF-7CBA1A447DB0}.AppStore|iPhone.ActiveCfg = Release|Any CPU
		{9DF17E0F-2537-4965-A8CF-7CBA1A447DB0}.AppStore|iPhone.Build.0 = Release|Any CPU
		{9DF17E0F-2537-4965-A8CF-7CBA1A447DB0}.AppStore|iPhone.Deploy.0 = Release|Any CPU
		{9DF17E0F-2537-4965-A8CF-7CBA1A447DB0}.AppStore|iPhoneSimulator.ActiveCfg = Release|Any CPU
		{9DF17E0F-2537-4965-A8CF-7CBA1A447DB0}.AppStore|iPhoneSimulator.Build.0 = Release|Any CPU
		{9DF17E0F-2537-4965-A8CF-7CBA1A447DB0}.AppStore|iPhoneSimulator.Deploy.0 = Release|Any CPU
		{9DF17E0F-2537-4965-A8CF-7CBA1A447DB0}.AppStore|x64.ActiveCfg = Release|Any CPU
		{9DF17E0F-2537-4965-A8CF-7CBA1A447DB0}.AppStore|x64.Build.0 = Release|Any CPU
		{9DF17E0F-2537-4965-A8CF-7CBA1A447DB0}.AppStore|x64.Deploy.0 = Release|Any CPU
		{9DF17E0F-2537-4965-A8CF-7CBA1A447DB0}.AppStore|x86.ActiveCfg = Release|x86
		{9DF17E0F-2537-4965-A8CF-7CBA1A447DB0}.AppStore|x86.Build.0 = Release|x86
		{9DF17E0F-2537-4965-A8CF-7CBA1A447DB0}.AppStore|x86.Deploy.0 = Release|x86
		{9DF17E0F-2537-4965-A8CF-7CBA1A447DB0}.Debug|Any CPU.ActiveCfg = Debug|Any CPU
		{9DF17E0F-2537-4965-A8CF-7CBA1A447DB0}.Debug|Any CPU.Build.0 = Debug|Any CPU
		{9DF17E0F-2537-4965-A8CF-7CBA1A447DB0}.Debug|Any CPU.Deploy.0 = Debug|Any CPU
		{9DF17E0F-2537-4965-A8CF-7CBA1A447DB0}.Debug|ARM.ActiveCfg = Debug|ARM
		{9DF17E0F-2537-4965-A8CF-7CBA1A447DB0}.Debug|ARM.Build.0 = Debug|ARM
		{9DF17E0F-2537-4965-A8CF-7CBA1A447DB0}.Debug|ARM.Deploy.0 = Debug|ARM
		{9DF17E0F-2537-4965-A8CF-7CBA1A447DB0}.Debug|iPhone.ActiveCfg = Debug|Any CPU
		{9DF17E0F-2537-4965-A8CF-7CBA1A447DB0}.Debug|iPhone.Build.0 = Debug|Any CPU
		{9DF17E0F-2537-4965-A8CF-7CBA1A447DB0}.Debug|iPhone.Deploy.0 = Debug|Any CPU
		{9DF17E0F-2537-4965-A8CF-7CBA1A447DB0}.Debug|iPhoneSimulator.ActiveCfg = Debug|Any CPU
		{9DF17E0F-2537-4965-A8CF-7CBA1A447DB0}.Debug|iPhoneSimulator.Build.0 = Debug|Any CPU
		{9DF17E0F-2537-4965-A8CF-7CBA1A447DB0}.Debug|iPhoneSimulator.Deploy.0 = Debug|Any CPU
		{9DF17E0F-2537-4965-A8CF-7CBA1A447DB0}.Debug|x64.ActiveCfg = Debug|Any CPU
		{9DF17E0F-2537-4965-A8CF-7CBA1A447DB0}.Debug|x64.Build.0 = Debug|Any CPU
		{9DF17E0F-2537-4965-A8CF-7CBA1A447DB0}.Debug|x64.Deploy.0 = Debug|Any CPU
		{9DF17E0F-2537-4965-A8CF-7CBA1A447DB0}.Debug|x86.ActiveCfg = Debug|x86
		{9DF17E0F-2537-4965-A8CF-7CBA1A447DB0}.Debug|x86.Build.0 = Debug|x86
		{9DF17E0F-2537-4965-A8CF-7CBA1A447DB0}.Debug|x86.Deploy.0 = Debug|x86
		{9DF17E0F-2537-4965-A8CF-7CBA1A447DB0}.Release|Any CPU.ActiveCfg = Release|Any CPU
		{9DF17E0F-2537-4965-A8CF-7CBA1A447DB0}.Release|Any CPU.Build.0 = Release|Any CPU
		{9DF17E0F-2537-4965-A8CF-7CBA1A447DB0}.Release|Any CPU.Deploy.0 = Release|Any CPU
		{9DF17E0F-2537-4965-A8CF-7CBA1A447DB0}.Release|ARM.ActiveCfg = Release|ARM
		{9DF17E0F-2537-4965-A8CF-7CBA1A447DB0}.Release|ARM.Build.0 = Release|ARM
		{9DF17E0F-2537-4965-A8CF-7CBA1A447DB0}.Release|ARM.Deploy.0 = Release|ARM
		{9DF17E0F-2537-4965-A8CF-7CBA1A447DB0}.Release|iPhone.ActiveCfg = Release|Any CPU
		{9DF17E0F-2537-4965-A8CF-7CBA1A447DB0}.Release|iPhone.Build.0 = Release|Any CPU
		{9DF17E0F-2537-4965-A8CF-7CBA1A447DB0}.Release|iPhone.Deploy.0 = Release|Any CPU
		{9DF17E0F-2537-4965-A8CF-7CBA1A447DB0}.Release|iPhoneSimulator.ActiveCfg = Release|Any CPU
		{9DF17E0F-2537-4965-A8CF-7CBA1A447DB0}.Release|iPhoneSimulator.Build.0 = Release|Any CPU
		{9DF17E0F-2537-4965-A8CF-7CBA1A447DB0}.Release|iPhoneSimulator.Deploy.0 = Release|Any CPU
		{9DF17E0F-2537-4965-A8CF-7CBA1A447DB0}.Release|x64.ActiveCfg = Release|Any CPU
		{9DF17E0F-2537-4965-A8CF-7CBA1A447DB0}.Release|x64.Build.0 = Release|Any CPU
		{9DF17E0F-2537-4965-A8CF-7CBA1A447DB0}.Release|x64.Deploy.0 = Release|Any CPU
		{9DF17E0F-2537-4965-A8CF-7CBA1A447DB0}.Release|x86.ActiveCfg = Release|x86
		{9DF17E0F-2537-4965-A8CF-7CBA1A447DB0}.Release|x86.Build.0 = Release|x86
		{9DF17E0F-2537-4965-A8CF-7CBA1A447DB0}.Release|x86.Deploy.0 = Release|x86
		{DA900B51-20A7-4E96-90A9-06B532A36281}.Ad-Hoc|Any CPU.ActiveCfg = Release|Any CPU
		{DA900B51-20A7-4E96-90A9-06B532A36281}.Ad-Hoc|Any CPU.Build.0 = Release|Any CPU
		{DA900B51-20A7-4E96-90A9-06B532A36281}.Ad-Hoc|Any CPU.Deploy.0 = Release|Any CPU
		{DA900B51-20A7-4E96-90A9-06B532A36281}.Ad-Hoc|ARM.ActiveCfg = Release|ARM
		{DA900B51-20A7-4E96-90A9-06B532A36281}.Ad-Hoc|ARM.Build.0 = Release|ARM
		{DA900B51-20A7-4E96-90A9-06B532A36281}.Ad-Hoc|ARM.Deploy.0 = Release|ARM
		{DA900B51-20A7-4E96-90A9-06B532A36281}.Ad-Hoc|iPhone.ActiveCfg = Release|Any CPU
		{DA900B51-20A7-4E96-90A9-06B532A36281}.Ad-Hoc|iPhone.Build.0 = Release|Any CPU
		{DA900B51-20A7-4E96-90A9-06B532A36281}.Ad-Hoc|iPhone.Deploy.0 = Release|Any CPU
		{DA900B51-20A7-4E96-90A9-06B532A36281}.Ad-Hoc|iPhoneSimulator.ActiveCfg = Release|Any CPU
		{DA900B51-20A7-4E96-90A9-06B532A36281}.Ad-Hoc|iPhoneSimulator.Build.0 = Release|Any CPU
		{DA900B51-20A7-4E96-90A9-06B532A36281}.Ad-Hoc|iPhoneSimulator.Deploy.0 = Release|Any CPU
		{DA900B51-20A7-4E96-90A9-06B532A36281}.Ad-Hoc|x64.ActiveCfg = Release|x64
		{DA900B51-20A7-4E96-90A9-06B532A36281}.Ad-Hoc|x64.Build.0 = Release|x64
		{DA900B51-20A7-4E96-90A9-06B532A36281}.Ad-Hoc|x64.Deploy.0 = Release|x64
		{DA900B51-20A7-4E96-90A9-06B532A36281}.Ad-Hoc|x86.ActiveCfg = Release|x86
		{DA900B51-20A7-4E96-90A9-06B532A36281}.Ad-Hoc|x86.Build.0 = Release|x86
		{DA900B51-20A7-4E96-90A9-06B532A36281}.Ad-Hoc|x86.Deploy.0 = Release|x86
		{DA900B51-20A7-4E96-90A9-06B532A36281}.AppStore|Any CPU.ActiveCfg = Release|Any CPU
		{DA900B51-20A7-4E96-90A9-06B532A36281}.AppStore|Any CPU.Build.0 = Release|Any CPU
		{DA900B51-20A7-4E96-90A9-06B532A36281}.AppStore|Any CPU.Deploy.0 = Release|Any CPU
		{DA900B51-20A7-4E96-90A9-06B532A36281}.AppStore|ARM.ActiveCfg = Release|ARM
		{DA900B51-20A7-4E96-90A9-06B532A36281}.AppStore|ARM.Build.0 = Release|ARM
		{DA900B51-20A7-4E96-90A9-06B532A36281}.AppStore|ARM.Deploy.0 = Release|ARM
		{DA900B51-20A7-4E96-90A9-06B532A36281}.AppStore|iPhone.ActiveCfg = Release|Any CPU
		{DA900B51-20A7-4E96-90A9-06B532A36281}.AppStore|iPhone.Build.0 = Release|Any CPU
		{DA900B51-20A7-4E96-90A9-06B532A36281}.AppStore|iPhone.Deploy.0 = Release|Any CPU
		{DA900B51-20A7-4E96-90A9-06B532A36281}.AppStore|iPhoneSimulator.ActiveCfg = Release|Any CPU
		{DA900B51-20A7-4E96-90A9-06B532A36281}.AppStore|iPhoneSimulator.Build.0 = Release|Any CPU
		{DA900B51-20A7-4E96-90A9-06B532A36281}.AppStore|iPhoneSimulator.Deploy.0 = Release|Any CPU
		{DA900B51-20A7-4E96-90A9-06B532A36281}.AppStore|x64.ActiveCfg = Release|x64
		{DA900B51-20A7-4E96-90A9-06B532A36281}.AppStore|x64.Build.0 = Release|x64
		{DA900B51-20A7-4E96-90A9-06B532A36281}.AppStore|x64.Deploy.0 = Release|x64
		{DA900B51-20A7-4E96-90A9-06B532A36281}.AppStore|x86.ActiveCfg = Release|x86
		{DA900B51-20A7-4E96-90A9-06B532A36281}.AppStore|x86.Build.0 = Release|x86
		{DA900B51-20A7-4E96-90A9-06B532A36281}.AppStore|x86.Deploy.0 = Release|x86
		{DA900B51-20A7-4E96-90A9-06B532A36281}.Debug|Any CPU.ActiveCfg = Debug|Any CPU
		{DA900B51-20A7-4E96-90A9-06B532A36281}.Debug|Any CPU.Build.0 = Debug|Any CPU
		{DA900B51-20A7-4E96-90A9-06B532A36281}.Debug|Any CPU.Deploy.0 = Debug|Any CPU
		{DA900B51-20A7-4E96-90A9-06B532A36281}.Debug|ARM.ActiveCfg = Debug|ARM
		{DA900B51-20A7-4E96-90A9-06B532A36281}.Debug|ARM.Build.0 = Debug|ARM
		{DA900B51-20A7-4E96-90A9-06B532A36281}.Debug|ARM.Deploy.0 = Debug|ARM
		{DA900B51-20A7-4E96-90A9-06B532A36281}.Debug|iPhone.ActiveCfg = Debug|Any CPU
		{DA900B51-20A7-4E96-90A9-06B532A36281}.Debug|iPhone.Build.0 = Debug|Any CPU
		{DA900B51-20A7-4E96-90A9-06B532A36281}.Debug|iPhone.Deploy.0 = Debug|Any CPU
		{DA900B51-20A7-4E96-90A9-06B532A36281}.Debug|iPhoneSimulator.ActiveCfg = Debug|Any CPU
		{DA900B51-20A7-4E96-90A9-06B532A36281}.Debug|iPhoneSimulator.Build.0 = Debug|Any CPU
		{DA900B51-20A7-4E96-90A9-06B532A36281}.Debug|iPhoneSimulator.Deploy.0 = Debug|Any CPU
		{DA900B51-20A7-4E96-90A9-06B532A36281}.Debug|x64.ActiveCfg = Debug|x64
		{DA900B51-20A7-4E96-90A9-06B532A36281}.Debug|x64.Build.0 = Debug|x64
		{DA900B51-20A7-4E96-90A9-06B532A36281}.Debug|x64.Deploy.0 = Debug|x64
		{DA900B51-20A7-4E96-90A9-06B532A36281}.Debug|x86.ActiveCfg = Debug|x86
		{DA900B51-20A7-4E96-90A9-06B532A36281}.Debug|x86.Build.0 = Debug|x86
		{DA900B51-20A7-4E96-90A9-06B532A36281}.Debug|x86.Deploy.0 = Debug|x86
		{DA900B51-20A7-4E96-90A9-06B532A36281}.Release|Any CPU.ActiveCfg = Release|Any CPU
		{DA900B51-20A7-4E96-90A9-06B532A36281}.Release|Any CPU.Build.0 = Release|Any CPU
		{DA900B51-20A7-4E96-90A9-06B532A36281}.Release|Any CPU.Deploy.0 = Release|Any CPU
		{DA900B51-20A7-4E96-90A9-06B532A36281}.Release|ARM.ActiveCfg = Release|ARM
		{DA900B51-20A7-4E96-90A9-06B532A36281}.Release|ARM.Build.0 = Release|ARM
		{DA900B51-20A7-4E96-90A9-06B532A36281}.Release|ARM.Deploy.0 = Release|ARM
		{DA900B51-20A7-4E96-90A9-06B532A36281}.Release|iPhone.ActiveCfg = Release|Any CPU
		{DA900B51-20A7-4E96-90A9-06B532A36281}.Release|iPhone.Build.0 = Release|Any CPU
		{DA900B51-20A7-4E96-90A9-06B532A36281}.Release|iPhone.Deploy.0 = Release|Any CPU
		{DA900B51-20A7-4E96-90A9-06B532A36281}.Release|iPhoneSimulator.ActiveCfg = Release|Any CPU
		{DA900B51-20A7-4E96-90A9-06B532A36281}.Release|iPhoneSimulator.Build.0 = Release|Any CPU
		{DA900B51-20A7-4E96-90A9-06B532A36281}.Release|iPhoneSimulator.Deploy.0 = Release|Any CPU
		{DA900B51-20A7-4E96-90A9-06B532A36281}.Release|x64.ActiveCfg = Release|x64
		{DA900B51-20A7-4E96-90A9-06B532A36281}.Release|x64.Build.0 = Release|x64
		{DA900B51-20A7-4E96-90A9-06B532A36281}.Release|x64.Deploy.0 = Release|x64
		{DA900B51-20A7-4E96-90A9-06B532A36281}.Release|x86.ActiveCfg = Release|x86
		{DA900B51-20A7-4E96-90A9-06B532A36281}.Release|x86.Build.0 = Release|x86
		{DA900B51-20A7-4E96-90A9-06B532A36281}.Release|x86.Deploy.0 = Release|x86
	EndGlobalSection
	GlobalSection(SolutionProperties) = preSolution
		HideSolutionNode = FALSE
	EndGlobalSection
EndGlobal
